
Microsoft Visual Studio Solution File, Format Version 12.00
# Visual Studio Version 17
VisualStudioVersion = 17.5.002.0
MinimumVisualStudioVersion = 10.0.40219.1
Project("{9A19103F-16F7-4668-BE54-9A1E7A4F7556}") = "calculator-console-csharp", "calculator-console-csharp.csproj", "{AF1D3B41-FB6F-405F-9E25-B3F4BE1F8B5E}"
EndProject
Global
	GlobalSection(SolutionConfigurationPlatforms) = preSolution
		Debug|Any CPU = Debug|Any CPU
		Release|Any CPU = Release|Any CPU
	EndGlobalSection
	GlobalSection(ProjectConfigurationPlatforms) = postSolution
		{AF1D3B41-FB6F-405F-9E25-B3F4BE1F8B5E}.Debug|Any CPU.ActiveCfg = Debug|Any CPU
		{AF1D3B41-FB6F-405F-9E25-B3F4BE1F8B5E}.Debug|Any CPU.Build.0 = Debug|Any CPU
		{AF1D3B41-FB6F-405F-9E25-B3F4BE1F8B5E}.Release|Any CPU.ActiveCfg = Release|Any CPU
		{AF1D3B41-FB6F-405F-9E25-B3F4BE1F8B5E}.Release|Any CPU.Build.0 = Release|Any CPU
	EndGlobalSection
	GlobalSection(SolutionProperties) = preSolution
		HideSolutionNode = FALSE
	EndGlobalSection
	GlobalSection(ExtensibilityGlobals) = postSolution
		SolutionGuid = {32C5AE05-E4D9-488E-9BD8-ADAE4CC8A486}
	EndGlobalSection
EndGlobal
